
Microsoft Visual Studio Solution File, Format Version 12.00
# Visual Studio Version 17
VisualStudioVersion = 17.0.31903.59
MinimumVisualStudioVersion = 10.0.40219.1
Project("{FAE04EC0-301F-11D3-BF4B-00C04F79EFBC}") = "test_net.DTO", "test_net.DTO\test_net.DTO.csproj", "{F2F36FE6-2C09-4B72-8717-981DC540BF92}"
EndProject
Project("{FAE04EC0-301F-11D3-BF4B-00C04F79EFBC}") = "test_net.DataAccess", "test_net.DataAccess\test_net.DataAccess.csproj", "{DC36A357-3690-4F52-AD24-295A59C3AA9D}"
EndProject
Project("{FAE04EC0-301F-11D3-BF4B-00C04F79EFBC}") = "test_net.Service", "test_net.Service\test_net.Service.csproj", "{128769DC-7FA8-402C-A7EA-CA7ADF634A7A}"
EndProject
Project("{FAE04EC0-301F-11D3-BF4B-00C04F79EFBC}") = "test_net.API", "test_net.API\test_net.API.csproj", "{72D007B5-DDEC-44A0-A427-E81644A4A263}"
EndProject
Global
	GlobalSection(SolutionConfigurationPlatforms) = preSolution
		Debug|Any CPU = Debug|Any CPU
		Release|Any CPU = Release|Any CPU
	EndGlobalSection
	GlobalSection(SolutionProperties) = preSolution
		HideSolutionNode = FALSE
	EndGlobalSection
	GlobalSection(ProjectConfigurationPlatforms) = postSolution
		{F2F36FE6-2C09-4B72-8717-981DC540BF92}.Debug|Any CPU.ActiveCfg = Debug|Any CPU
		{F2F36FE6-2C09-4B72-8717-981DC540BF92}.Debug|Any CPU.Build.0 = Debug|Any CPU
		{F2F36FE6-2C09-4B72-8717-981DC540BF92}.Release|Any CPU.ActiveCfg = Release|Any CPU
		{F2F36FE6-2C09-4B72-8717-981DC540BF92}.Release|Any CPU.Build.0 = Release|Any CPU
		{DC36A357-3690-4F52-AD24-295A59C3AA9D}.Debug|Any CPU.ActiveCfg = Debug|Any CPU
		{DC36A357-3690-4F52-AD24-295A59C3AA9D}.Debug|Any CPU.Build.0 = Debug|Any CPU
		{DC36A357-3690-4F52-AD24-295A59C3AA9D}.Release|Any CPU.ActiveCfg = Release|Any CPU
		{DC36A357-3690-4F52-AD24-295A59C3AA9D}.Release|Any CPU.Build.0 = Release|Any CPU
		{128769DC-7FA8-402C-A7EA-CA7ADF634A7A}.Debug|Any CPU.ActiveCfg = Debug|Any CPU
		{128769DC-7FA8-402C-A7EA-CA7ADF634A7A}.Debug|Any CPU.Build.0 = Debug|Any CPU
		{128769DC-7FA8-402C-A7EA-CA7ADF634A7A}.Release|Any CPU.ActiveCfg = Release|Any CPU
		{128769DC-7FA8-402C-A7EA-CA7ADF634A7A}.Release|Any CPU.Build.0 = Release|Any CPU
		{72D007B5-DDEC-44A0-A427-E81644A4A263}.Debug|Any CPU.ActiveCfg = Debug|Any CPU
		{72D007B5-DDEC-44A0-A427-E81644A4A263}.Debug|Any CPU.Build.0 = Debug|Any CPU
		{72D007B5-DDEC-44A0-A427-E81644A4A263}.Release|Any CPU.ActiveCfg = Release|Any CPU
		{72D007B5-DDEC-44A0-A427-E81644A4A263}.Release|Any CPU.Build.0 = Release|Any CPU
	EndGlobalSection
EndGlobal
